{
  "requires": true,
  "lockfileVersion": 1,
  "dependencies": {
    "create-next-app": {
      "version": "10.2.1",
      "resolved": "https://registry.npmjs.org/create-next-app/-/create-next-app-10.2.1.tgz",
      "integrity": "sha512-t1IHEoJAuprsBhM5iTbqMQIty+Ko3mRVgtawBGO7EYgC4MKpsSky67vtRv1JOVhfNWKX33PvkrYkqRZ0aFBcJA=="
    }
  }
}
